
Microsoft Visual Studio Solution File, Format Version 12.00
# Visual Studio Version 16
VisualStudioVersion = 16.0.30621.155
MinimumVisualStudioVersion = 10.0.40219.1
Project("{FAE04EC0-301F-11D3-BF4B-00C04F79EFBC}") = "ClientPrograming", "ClientPrograming\ClientPrograming.csproj", "{D9632564-F1FE-4AFE-A431-C0701908AD4B}"
EndProject
Project("{FAE04EC0-301F-11D3-BF4B-00C04F79EFBC}") = "SocketPrograming", "SocketPrograming\SocketPrograming.csproj", "{C3073C1C-6D6E-4181-A5A0-C07CF98F7FE3}"
EndProject
Global
	GlobalSection(SolutionConfigurationPlatforms) = preSolution
		Debug|Any CPU = Debug|Any CPU
		Release|Any CPU = Release|Any CPU
	EndGlobalSection
	GlobalSection(ProjectConfigurationPlatforms) = postSolution
		{D9632564-F1FE-4AFE-A431-C0701908AD4B}.Debug|Any CPU.ActiveCfg = Debug|Any CPU
		{D9632564-F1FE-4AFE-A431-C0701908AD4B}.Debug|Any CPU.Build.0 = Debug|Any CPU
		{D9632564-F1FE-4AFE-A431-C0701908AD4B}.Release|Any CPU.ActiveCfg = Release|Any CPU
		{D9632564-F1FE-4AFE-A431-C0701908AD4B}.Release|Any CPU.Build.0 = Release|Any CPU
		{C3073C1C-6D6E-4181-A5A0-C07CF98F7FE3}.Debug|Any CPU.ActiveCfg = Debug|Any CPU
		{C3073C1C-6D6E-4181-A5A0-C07CF98F7FE3}.Debug|Any CPU.Build.0 = Debug|Any CPU
		{C3073C1C-6D6E-4181-A5A0-C07CF98F7FE3}.Release|Any CPU.ActiveCfg = Release|Any CPU
		{C3073C1C-6D6E-4181-A5A0-C07CF98F7FE3}.Release|Any CPU.Build.0 = Release|Any CPU
	EndGlobalSection
	GlobalSection(SolutionProperties) = preSolution
		HideSolutionNode = FALSE
	EndGlobalSection
	GlobalSection(ExtensibilityGlobals) = postSolution
		SolutionGuid = {F3A65709-B2CD-4EFE-9774-9C5E9FB65852}
	EndGlobalSection
EndGlobal
