
Microsoft Visual Studio Solution File, Format Version 12.00
# Visual Studio Version 16
VisualStudioVersion = 16.0.30621.155
MinimumVisualStudioVersion = 10.0.40219.1
Project("{FAE04EC0-301F-11D3-BF4B-00C04F79EFBC}") = "ConsoleApp1", "ConsoleApp1\ConsoleApp1.csproj", "{6AEF8C0A-0A2A-489F-96B0-5230226500FC}"
EndProject
Project("{FAE04EC0-301F-11D3-BF4B-00C04F79EFBC}") = "clientconnection", "clientconnection\clientconnection.csproj", "{BC4C17FB-10EA-477D-919E-109C8AA2A545}"
EndProject
Global
	GlobalSection(SolutionConfigurationPlatforms) = preSolution
		Debug|Any CPU = Debug|Any CPU
		Release|Any CPU = Release|Any CPU
	EndGlobalSection
	GlobalSection(ProjectConfigurationPlatforms) = postSolution
		{6AEF8C0A-0A2A-489F-96B0-5230226500FC}.Debug|Any CPU.ActiveCfg = Debug|Any CPU
		{6AEF8C0A-0A2A-489F-96B0-5230226500FC}.Debug|Any CPU.Build.0 = Debug|Any CPU
		{6AEF8C0A-0A2A-489F-96B0-5230226500FC}.Release|Any CPU.ActiveCfg = Release|Any CPU
		{6AEF8C0A-0A2A-489F-96B0-5230226500FC}.Release|Any CPU.Build.0 = Release|Any CPU
		{BC4C17FB-10EA-477D-919E-109C8AA2A545}.Debug|Any CPU.ActiveCfg = Debug|Any CPU
		{BC4C17FB-10EA-477D-919E-109C8AA2A545}.Debug|Any CPU.Build.0 = Debug|Any CPU
		{BC4C17FB-10EA-477D-919E-109C8AA2A545}.Release|Any CPU.ActiveCfg = Release|Any CPU
		{BC4C17FB-10EA-477D-919E-109C8AA2A545}.Release|Any CPU.Build.0 = Release|Any CPU
	EndGlobalSection
	GlobalSection(SolutionProperties) = preSolution
		HideSolutionNode = FALSE
	EndGlobalSection
	GlobalSection(ExtensibilityGlobals) = postSolution
		SolutionGuid = {6411AEC9-E38B-4B1E-A8CE-C0B03ED4076D}
	EndGlobalSection
EndGlobal
