
Microsoft Visual Studio Solution File, Format Version 12.00
# Visual Studio Version 16
VisualStudioVersion = 16.0.30621.155
MinimumVisualStudioVersion = 10.0.40219.1
Project("{FAE04EC0-301F-11D3-BF4B-00C04F79EFBC}") = "Task", "Task\Task.csproj", "{5616DE60-8BC0-4711-B397-331B71E4461C}"
EndProject
Global
	GlobalSection(SolutionConfigurationPlatforms) = preSolution
		Debug|Any CPU = Debug|Any CPU
		Release|Any CPU = Release|Any CPU
	EndGlobalSection
	GlobalSection(ProjectConfigurationPlatforms) = postSolution
		{5616DE60-8BC0-4711-B397-331B71E4461C}.Debug|Any CPU.ActiveCfg = Debug|Any CPU
		{5616DE60-8BC0-4711-B397-331B71E4461C}.Debug|Any CPU.Build.0 = Debug|Any CPU
		{5616DE60-8BC0-4711-B397-331B71E4461C}.Release|Any CPU.ActiveCfg = Release|Any CPU
		{5616DE60-8BC0-4711-B397-331B71E4461C}.Release|Any CPU.Build.0 = Release|Any CPU
	EndGlobalSection
	GlobalSection(SolutionProperties) = preSolution
		HideSolutionNode = FALSE
	EndGlobalSection
	GlobalSection(ExtensibilityGlobals) = postSolution
		SolutionGuid = {B19A77AD-789D-4365-A8FD-B1E7C81AF958}
	EndGlobalSection
EndGlobal
