
Microsoft Visual Studio Solution File, Format Version 12.00
# Visual Studio Version 16
VisualStudioVersion = 16.0.30621.155
MinimumVisualStudioVersion = 10.0.40219.1
Project("{FAE04EC0-301F-11D3-BF4B-00C04F79EFBC}") = "MultiThreading1", "MultiThreading1\MultiThreading1.csproj", "{7FC4A54F-CB9F-4764-8789-31589DBDA19B}"
EndProject
Global
	GlobalSection(SolutionConfigurationPlatforms) = preSolution
		Debug|Any CPU = Debug|Any CPU
		Release|Any CPU = Release|Any CPU
	EndGlobalSection
	GlobalSection(ProjectConfigurationPlatforms) = postSolution
		{7FC4A54F-CB9F-4764-8789-31589DBDA19B}.Debug|Any CPU.ActiveCfg = Debug|Any CPU
		{7FC4A54F-CB9F-4764-8789-31589DBDA19B}.Debug|Any CPU.Build.0 = Debug|Any CPU
		{7FC4A54F-CB9F-4764-8789-31589DBDA19B}.Release|Any CPU.ActiveCfg = Release|Any CPU
		{7FC4A54F-CB9F-4764-8789-31589DBDA19B}.Release|Any CPU.Build.0 = Release|Any CPU
	EndGlobalSection
	GlobalSection(SolutionProperties) = preSolution
		HideSolutionNode = FALSE
	EndGlobalSection
	GlobalSection(ExtensibilityGlobals) = postSolution
		SolutionGuid = {400F4C5C-DBC6-43E1-80B2-A953D66D1C8F}
	EndGlobalSection
EndGlobal
