
Microsoft Visual Studio Solution File, Format Version 12.00
# Visual Studio Version 16
VisualStudioVersion = 16.0.30621.155
MinimumVisualStudioVersion = 10.0.40219.1
Project("{FAE04EC0-301F-11D3-BF4B-00C04F79EFBC}") = "encapsulation", "encapsulation\encapsulation.csproj", "{81B322A3-D3C4-4EDB-B394-5B8117E7F806}"
EndProject
Global
	GlobalSection(SolutionConfigurationPlatforms) = preSolution
		Debug|Any CPU = Debug|Any CPU
		Release|Any CPU = Release|Any CPU
	EndGlobalSection
	GlobalSection(ProjectConfigurationPlatforms) = postSolution
		{81B322A3-D3C4-4EDB-B394-5B8117E7F806}.Debug|Any CPU.ActiveCfg = Debug|Any CPU
		{81B322A3-D3C4-4EDB-B394-5B8117E7F806}.Debug|Any CPU.Build.0 = Debug|Any CPU
		{81B322A3-D3C4-4EDB-B394-5B8117E7F806}.Release|Any CPU.ActiveCfg = Release|Any CPU
		{81B322A3-D3C4-4EDB-B394-5B8117E7F806}.Release|Any CPU.Build.0 = Release|Any CPU
	EndGlobalSection
	GlobalSection(SolutionProperties) = preSolution
		HideSolutionNode = FALSE
	EndGlobalSection
	GlobalSection(ExtensibilityGlobals) = postSolution
		SolutionGuid = {035827B6-922E-4201-A159-699264A2AA9F}
	EndGlobalSection
EndGlobal
