
Microsoft Visual Studio Solution File, Format Version 12.00
# Visual Studio Version 16
VisualStudioVersion = 16.0.30621.155
MinimumVisualStudioVersion = 10.0.40219.1
Project("{FAE04EC0-301F-11D3-BF4B-00C04F79EFBC}") = "DelegatesFunction", "DelegatesFunction\DelegatesFunction.csproj", "{0E20AD5A-B250-41B6-9B6C-FCB41025F18F}"
EndProject
Global
	GlobalSection(SolutionConfigurationPlatforms) = preSolution
		Debug|Any CPU = Debug|Any CPU
		Release|Any CPU = Release|Any CPU
	EndGlobalSection
	GlobalSection(ProjectConfigurationPlatforms) = postSolution
		{0E20AD5A-B250-41B6-9B6C-FCB41025F18F}.Debug|Any CPU.ActiveCfg = Debug|Any CPU
		{0E20AD5A-B250-41B6-9B6C-FCB41025F18F}.Debug|Any CPU.Build.0 = Debug|Any CPU
		{0E20AD5A-B250-41B6-9B6C-FCB41025F18F}.Release|Any CPU.ActiveCfg = Release|Any CPU
		{0E20AD5A-B250-41B6-9B6C-FCB41025F18F}.Release|Any CPU.Build.0 = Release|Any CPU
	EndGlobalSection
	GlobalSection(SolutionProperties) = preSolution
		HideSolutionNode = FALSE
	EndGlobalSection
	GlobalSection(ExtensibilityGlobals) = postSolution
		SolutionGuid = {DC8D2B50-4865-4665-B341-CE208121670C}
	EndGlobalSection
EndGlobal
