
Microsoft Visual Studio Solution File, Format Version 12.00
# Visual Studio Version 16
VisualStudioVersion = 16.0.30621.155
MinimumVisualStudioVersion = 10.0.40219.1
Project("{FAE04EC0-301F-11D3-BF4B-00C04F79EFBC}") = "Array2", "Array2\Array2.csproj", "{E184D772-0AA3-443B-9574-3C6DDAE78D01}"
EndProject
Global
	GlobalSection(SolutionConfigurationPlatforms) = preSolution
		Debug|Any CPU = Debug|Any CPU
		Release|Any CPU = Release|Any CPU
	EndGlobalSection
	GlobalSection(ProjectConfigurationPlatforms) = postSolution
		{E184D772-0AA3-443B-9574-3C6DDAE78D01}.Debug|Any CPU.ActiveCfg = Debug|Any CPU
		{E184D772-0AA3-443B-9574-3C6DDAE78D01}.Debug|Any CPU.Build.0 = Debug|Any CPU
		{E184D772-0AA3-443B-9574-3C6DDAE78D01}.Release|Any CPU.ActiveCfg = Release|Any CPU
		{E184D772-0AA3-443B-9574-3C6DDAE78D01}.Release|Any CPU.Build.0 = Release|Any CPU
	EndGlobalSection
	GlobalSection(SolutionProperties) = preSolution
		HideSolutionNode = FALSE
	EndGlobalSection
	GlobalSection(ExtensibilityGlobals) = postSolution
		SolutionGuid = {195132E9-ED77-4E8C-83A4-5C54AA2F7C98}
	EndGlobalSection
EndGlobal
