
Microsoft Visual Studio Solution File, Format Version 12.00
# Visual Studio Version 16
VisualStudioVersion = 16.0.30621.155
MinimumVisualStudioVersion = 10.0.40219.1
Project("{FAE04EC0-301F-11D3-BF4B-00C04F79EFBC}") = "Collection", "Collection\Collection.csproj", "{A88B1E4A-4ED9-4393-8807-0A266E76CADF}"
EndProject
Global
	GlobalSection(SolutionConfigurationPlatforms) = preSolution
		Debug|Any CPU = Debug|Any CPU
		Release|Any CPU = Release|Any CPU
	EndGlobalSection
	GlobalSection(ProjectConfigurationPlatforms) = postSolution
		{A88B1E4A-4ED9-4393-8807-0A266E76CADF}.Debug|Any CPU.ActiveCfg = Debug|Any CPU
		{A88B1E4A-4ED9-4393-8807-0A266E76CADF}.Debug|Any CPU.Build.0 = Debug|Any CPU
		{A88B1E4A-4ED9-4393-8807-0A266E76CADF}.Release|Any CPU.ActiveCfg = Release|Any CPU
		{A88B1E4A-4ED9-4393-8807-0A266E76CADF}.Release|Any CPU.Build.0 = Release|Any CPU
	EndGlobalSection
	GlobalSection(SolutionProperties) = preSolution
		HideSolutionNode = FALSE
	EndGlobalSection
	GlobalSection(ExtensibilityGlobals) = postSolution
		SolutionGuid = {B2837A33-FA83-4D63-B02A-C31CC66EF987}
	EndGlobalSection
EndGlobal
