
Microsoft Visual Studio Solution File, Format Version 12.00
# Visual Studio Version 16
VisualStudioVersion = 16.0.30621.155
MinimumVisualStudioVersion = 10.0.40219.1
Project("{FAE04EC0-301F-11D3-BF4B-00C04F79EFBC}") = "method", "method\method.csproj", "{DB084A92-DFF2-478D-93BD-4CB9E48B3146}"
EndProject
Global
	GlobalSection(SolutionConfigurationPlatforms) = preSolution
		Debug|Any CPU = Debug|Any CPU
		Release|Any CPU = Release|Any CPU
	EndGlobalSection
	GlobalSection(ProjectConfigurationPlatforms) = postSolution
		{DB084A92-DFF2-478D-93BD-4CB9E48B3146}.Debug|Any CPU.ActiveCfg = Debug|Any CPU
		{DB084A92-DFF2-478D-93BD-4CB9E48B3146}.Debug|Any CPU.Build.0 = Debug|Any CPU
		{DB084A92-DFF2-478D-93BD-4CB9E48B3146}.Release|Any CPU.ActiveCfg = Release|Any CPU
		{DB084A92-DFF2-478D-93BD-4CB9E48B3146}.Release|Any CPU.Build.0 = Release|Any CPU
	EndGlobalSection
	GlobalSection(SolutionProperties) = preSolution
		HideSolutionNode = FALSE
	EndGlobalSection
	GlobalSection(ExtensibilityGlobals) = postSolution
		SolutionGuid = {080BEEF9-33F0-4A54-A668-3D945984C645}
	EndGlobalSection
EndGlobal
