
Microsoft Visual Studio Solution File, Format Version 12.00
# Visual Studio Version 16
VisualStudioVersion = 16.0.30621.155
MinimumVisualStudioVersion = 10.0.40219.1
Project("{FAE04EC0-301F-11D3-BF4B-00C04F79EFBC}") = "CopyDirectory", "CopyDirectory\CopyDirectory.csproj", "{BFCE393D-305D-4019-8EDE-BE5DFD81A48E}"
EndProject
Global
	GlobalSection(SolutionConfigurationPlatforms) = preSolution
		Debug|Any CPU = Debug|Any CPU
		Release|Any CPU = Release|Any CPU
	EndGlobalSection
	GlobalSection(ProjectConfigurationPlatforms) = postSolution
		{BFCE393D-305D-4019-8EDE-BE5DFD81A48E}.Debug|Any CPU.ActiveCfg = Debug|Any CPU
		{BFCE393D-305D-4019-8EDE-BE5DFD81A48E}.Debug|Any CPU.Build.0 = Debug|Any CPU
		{BFCE393D-305D-4019-8EDE-BE5DFD81A48E}.Release|Any CPU.ActiveCfg = Release|Any CPU
		{BFCE393D-305D-4019-8EDE-BE5DFD81A48E}.Release|Any CPU.Build.0 = Release|Any CPU
	EndGlobalSection
	GlobalSection(SolutionProperties) = preSolution
		HideSolutionNode = FALSE
	EndGlobalSection
	GlobalSection(ExtensibilityGlobals) = postSolution
		SolutionGuid = {30D3BED3-C166-4ADE-9378-6323DE4AF482}
	EndGlobalSection
EndGlobal
