
Microsoft Visual Studio Solution File, Format Version 12.00
# Visual Studio Version 16
VisualStudioVersion = 16.0.30621.155
MinimumVisualStudioVersion = 10.0.40219.1
Project("{FAE04EC0-301F-11D3-BF4B-00C04F79EFBC}") = "Dictionary", "Dictionary\Dictionary.csproj", "{2106571F-73C0-4428-BE3C-46D7E2E0DB90}"
EndProject
Project("{FAE04EC0-301F-11D3-BF4B-00C04F79EFBC}") = "ConsoleApp1", "ConsoleApp1\ConsoleApp1.csproj", "{127CDF7B-8EC6-424A-A8C8-FBDA75D95BBE}"
EndProject
Global
	GlobalSection(SolutionConfigurationPlatforms) = preSolution
		Debug|Any CPU = Debug|Any CPU
		Release|Any CPU = Release|Any CPU
	EndGlobalSection
	GlobalSection(ProjectConfigurationPlatforms) = postSolution
		{2106571F-73C0-4428-BE3C-46D7E2E0DB90}.Debug|Any CPU.ActiveCfg = Debug|Any CPU
		{2106571F-73C0-4428-BE3C-46D7E2E0DB90}.Debug|Any CPU.Build.0 = Debug|Any CPU
		{2106571F-73C0-4428-BE3C-46D7E2E0DB90}.Release|Any CPU.ActiveCfg = Release|Any CPU
		{2106571F-73C0-4428-BE3C-46D7E2E0DB90}.Release|Any CPU.Build.0 = Release|Any CPU
		{127CDF7B-8EC6-424A-A8C8-FBDA75D95BBE}.Debug|Any CPU.ActiveCfg = Debug|Any CPU
		{127CDF7B-8EC6-424A-A8C8-FBDA75D95BBE}.Debug|Any CPU.Build.0 = Debug|Any CPU
		{127CDF7B-8EC6-424A-A8C8-FBDA75D95BBE}.Release|Any CPU.ActiveCfg = Release|Any CPU
		{127CDF7B-8EC6-424A-A8C8-FBDA75D95BBE}.Release|Any CPU.Build.0 = Release|Any CPU
	EndGlobalSection
	GlobalSection(SolutionProperties) = preSolution
		HideSolutionNode = FALSE
	EndGlobalSection
	GlobalSection(ExtensibilityGlobals) = postSolution
		SolutionGuid = {2EA5CCA9-9EC6-468B-A34B-E26F9CB93427}
	EndGlobalSection
EndGlobal
