
Microsoft Visual Studio Solution File, Format Version 12.00
# Visual Studio Version 16
VisualStudioVersion = 16.0.30621.155
MinimumVisualStudioVersion = 10.0.40219.1
Project("{FAE04EC0-301F-11D3-BF4B-00C04F79EFBC}") = "Polymorphism1", "Polymorphism1\Polymorphism1.csproj", "{A86E5443-7CA8-4F7E-B7C1-F8396B1B851F}"
EndProject
Global
	GlobalSection(SolutionConfigurationPlatforms) = preSolution
		Debug|Any CPU = Debug|Any CPU
		Release|Any CPU = Release|Any CPU
	EndGlobalSection
	GlobalSection(ProjectConfigurationPlatforms) = postSolution
		{A86E5443-7CA8-4F7E-B7C1-F8396B1B851F}.Debug|Any CPU.ActiveCfg = Debug|Any CPU
		{A86E5443-7CA8-4F7E-B7C1-F8396B1B851F}.Debug|Any CPU.Build.0 = Debug|Any CPU
		{A86E5443-7CA8-4F7E-B7C1-F8396B1B851F}.Release|Any CPU.ActiveCfg = Release|Any CPU
		{A86E5443-7CA8-4F7E-B7C1-F8396B1B851F}.Release|Any CPU.Build.0 = Release|Any CPU
	EndGlobalSection
	GlobalSection(SolutionProperties) = preSolution
		HideSolutionNode = FALSE
	EndGlobalSection
	GlobalSection(ExtensibilityGlobals) = postSolution
		SolutionGuid = {EEA9E90C-B36F-4AD3-B59F-CFDCBED1D2E8}
	EndGlobalSection
EndGlobal
